
Microsoft Visual Studio Solution File, Format Version 12.00
# Visual Studio Version 17
VisualStudioVersion = 17.10.35013.160
MinimumVisualStudioVersion = 10.0.40219.1
Project("{FAE04EC0-301F-11D3-BF4B-00C04F79EFBC}") = "MVCCRUD", "MVCCRUD\MVCCRUD.csproj", "{7B5A0376-45E4-4017-A8A6-C08D47852CCE}"
EndProject
Global
	GlobalSection(SolutionConfigurationPlatforms) = preSolution
		Debug|Any CPU = Debug|Any CPU
		Release|Any CPU = Release|Any CPU
	EndGlobalSection
	GlobalSection(ProjectConfigurationPlatforms) = postSolution
		{7B5A0376-45E4-4017-A8A6-C08D47852CCE}.Debug|Any CPU.ActiveCfg = Debug|Any CPU
		{7B5A0376-45E4-4017-A8A6-C08D47852CCE}.Debug|Any CPU.Build.0 = Debug|Any CPU
		{7B5A0376-45E4-4017-A8A6-C08D47852CCE}.Release|Any CPU.ActiveCfg = Release|Any CPU
		{7B5A0376-45E4-4017-A8A6-C08D47852CCE}.Release|Any CPU.Build.0 = Release|Any CPU
	EndGlobalSection
	GlobalSection(SolutionProperties) = preSolution
		HideSolutionNode = FALSE
	EndGlobalSection
	GlobalSection(ExtensibilityGlobals) = postSolution
		SolutionGuid = {B3900A60-3138-4850-864F-F3AA3DCB68AD}
	EndGlobalSection
EndGlobal
